
Microsoft Visual Studio Solution File, Format Version 12.00
# Visual Studio Version 17
VisualStudioVersion = 17.2.32602.215
MinimumVisualStudioVersion = 10.0.40219.1
Project("{FAE04EC0-301F-11D3-BF4B-00C04F79EFBC}") = "AppPRODE22", "AppPRODE22\AppPRODE22.csproj", "{000DD68D-3B74-4BAB-9B04-BBD008489EB4}"
EndProject
Global
	GlobalSection(SolutionConfigurationPlatforms) = preSolution
		Debug|Any CPU = Debug|Any CPU
		Release|Any CPU = Release|Any CPU
	EndGlobalSection
	GlobalSection(ProjectConfigurationPlatforms) = postSolution
		{000DD68D-3B74-4BAB-9B04-BBD008489EB4}.Debug|Any CPU.ActiveCfg = Debug|Any CPU
		{000DD68D-3B74-4BAB-9B04-BBD008489EB4}.Debug|Any CPU.Build.0 = Debug|Any CPU
		{000DD68D-3B74-4BAB-9B04-BBD008489EB4}.Release|Any CPU.ActiveCfg = Release|Any CPU
		{000DD68D-3B74-4BAB-9B04-BBD008489EB4}.Release|Any CPU.Build.0 = Release|Any CPU
	EndGlobalSection
	GlobalSection(SolutionProperties) = preSolution
		HideSolutionNode = FALSE
	EndGlobalSection
	GlobalSection(ExtensibilityGlobals) = postSolution
		SolutionGuid = {A0B461F8-75A0-4A87-A54B-915738B0064C}
	EndGlobalSection
EndGlobal
